
Microsoft Visual Studio Solution File, Format Version 12.00
# Visual Studio Version 17
VisualStudioVersion = 17.5.001.0
MinimumVisualStudioVersion = 10.0.40219.1
Project("{9A19103F-16F7-4668-BE54-9A1E7A4F7556}") = "EpubBuilder", "EpubBuilder.csproj", "{4DD90FFA-7A3A-4639-B68B-292710F552C8}"
EndProject
Global
	GlobalSection(SolutionConfigurationPlatforms) = preSolution
		Debug|Any CPU = Debug|Any CPU
		Release|Any CPU = Release|Any CPU
	EndGlobalSection
	GlobalSection(ProjectConfigurationPlatforms) = postSolution
		{4DD90FFA-7A3A-4639-B68B-292710F552C8}.Debug|Any CPU.ActiveCfg = Debug|Any CPU
		{4DD90FFA-7A3A-4639-B68B-292710F552C8}.Debug|Any CPU.Build.0 = Debug|Any CPU
		{4DD90FFA-7A3A-4639-B68B-292710F552C8}.Release|Any CPU.ActiveCfg = Release|Any CPU
		{4DD90FFA-7A3A-4639-B68B-292710F552C8}.Release|Any CPU.Build.0 = Release|Any CPU
	EndGlobalSection
	GlobalSection(SolutionProperties) = preSolution
		HideSolutionNode = FALSE
	EndGlobalSection
	GlobalSection(ExtensibilityGlobals) = postSolution
		SolutionGuid = {FFBB9233-6D9D-4319-A066-DF9733C564AF}
	EndGlobalSection
EndGlobal
